schema: '2.0'
stages:
  prepare:
    cmd: python src/prepare.py
    deps:
    - path: data/raw/train.csv
      hash: md5
      md5: 2309cc5f04782ed9bb6016d9f4e381cf
      size: 61194
    - path: src/data.py
      hash: md5
      md5: bbae7f53668072d52a815a063284174d
      size: 1302
    - path: src/features.py
      hash: md5
      md5: 9069670f5648c4cae5dad6c62a9fbe2d
      size: 2419
    - path: src/prepare.py
      hash: md5
      md5: 343e82750fa837bce2d312c8291d3727
      size: 1971
    params:
      params.yaml:
        seed: 42
        split.test_size: 0.2
    outs:
    - path: data/processed/test.csv
      hash: md5
      md5: aeefcc4fb323dd2dc11668a9ad407da1
      size: 11526
    - path: data/processed/train.csv
      hash: md5
      md5: 33c8223ea33bf5f5325f0dcbf35e0c1a
      size: 45559
  train:
    cmd: python src/train.py
    deps:
    - path: data/processed/train.csv
      hash: md5
      md5: 33c8223ea33bf5f5325f0dcbf35e0c1a
      size: 45559
    - path: src/model.py
      hash: md5
      md5: f03bfab23e0ceb604845fcb3e49a707b
      size: 1397
    - path: src/train.py
      hash: md5
      md5: 07ed2ef4ff98e23ccc914bf347617c05
      size: 1154
    params:
      params.yaml:
        seed: 42
        train:
          model: random_forest
          n_estimators: 100
          max_depth: 6
    outs:
    - path: models/model.pkl
      hash: md5
      md5: 8e12692ed1fceb940a6c33c50e91f191
      size: 635025
  evaluate:
    cmd: python src/evaluate.py
    deps:
    - path: data/processed/test.csv
      hash: md5
      md5: aeefcc4fb323dd2dc11668a9ad407da1
      size: 11526
    - path: models/model.pkl
      hash: md5
      md5: 8e12692ed1fceb940a6c33c50e91f191
      size: 635025
    - path: src/evaluate.py
      hash: md5
      md5: f2be78e26cf892dedcbad13898dacf73
      size: 2327
    - path: src/model.py
      hash: md5
      md5: f03bfab23e0ceb604845fcb3e49a707b
      size: 1397
    params:
      params.yaml:
        seed: 42
    outs:
    - path: metrics.json
      hash: md5
      md5: 7b5140f72b152a856b6dcb9688583940
      size: 232
    - path: outputs/predictions.csv
      hash: md5
      md5: 9fa3621be2aa4e322d2d3a47f7e37f18
      size: 4396
