schema: '2.0'
stages:
  prepare:
    cmd: python src/prepare.py
    deps:
    - path: data/raw/train.csv
      hash: md5
      md5: 60f1e0596f5db46961ced72d593736e2
      size: 61855
    - path: src/data.py
      hash: md5
      md5: 7fc0d59efc5c4c5a039178b477c30717
      size: 1432
    - path: src/features.py
      hash: md5
      md5: babedd3df707bc5c72ec43195dc8aed5
      size: 2486
    - path: src/prepare.py
      hash: md5
      md5: 6f4c1cfb82725623c1a5ead5a439bbd8
      size: 2037
    params:
      params.yaml:
        seed: 42
        split.test_size: 0.2
    outs:
    - path: data/processed/test.csv
      hash: md5
      md5: 4c3bd7d6ccd601b56721b6241f4d2f0b
      size: 11491
    - path: data/processed/train.csv
      hash: md5
      md5: 23cc1f115ae01eca65a9791be94d9de0
      size: 45468
  train:
    cmd: python src/train.py
    deps:
    - path: data/processed/train.csv
      hash: md5
      md5: 23cc1f115ae01eca65a9791be94d9de0
      size: 45468
    - path: src/model.py
      hash: md5
      md5: 3fd4ee1c525683e70ff3562a17905d25
      size: 1439
    - path: src/train.py
      hash: md5
      md5: 62cc21272b3b62b0cc2292a84e7d7061
      size: 1198
    params:
      params.yaml:
        seed: 42
        train:
          model: random_forest
          n_estimators: 50
          max_depth: 10
    outs:
    - path: models/model.pkl
      hash: md5
      md5: 23832ea61add48c1ab9db92b008aa87a
      size: 829556
  evaluate:
    cmd: python src/evaluate.py
    deps:
    - path: data/processed/test.csv
      hash: md5
      md5: 4c3bd7d6ccd601b56721b6241f4d2f0b
      size: 11491
    - path: models/model.pkl
      hash: md5
      md5: 23832ea61add48c1ab9db92b008aa87a
      size: 829556
    - path: src/evaluate.py
      hash: md5
      md5: 50d41a6d718ecc4a95909acefbf44729
      size: 2414
    - path: src/model.py
      hash: md5
      md5: 3fd4ee1c525683e70ff3562a17905d25
      size: 1439
    params:
      params.yaml:
        seed: 42
    outs:
    - path: metrics.json
      hash: md5
      md5: fb36196217cb97d297f1a2255b2edfc9
      size: 232
    - path: outputs/predictions.csv
      hash: md5
      md5: 5e2460c6c63a9d0b0588065bb38fd471
      size: 4077
